Microsoft Visual Studio Solution File, Format Version 12.00
# Visual Studio Version 17
VisualStudioVersion = 17.5.2.0
MinimumVisualStudioVersion = 10.0.40219.1
Project("{FAE04EC0-301F-11D3-BF4B-00C04F79EFBC}") = "HumanResourcesService", "HumanResourcesService.csproj", "{8056D7BA-B475-6C00-6000-9CCD4665EB2F}"
EndProject
Global
	GlobalSection(SolutionConfigurationPlatforms) = preSolution
		Debug|Any CPU = Debug|Any CPU
		Release|Any CPU = Release|Any CPU
	EndGlobalSection
	GlobalSection(ProjectConfigurationPlatforms) = postSolution
		{8056D7BA-B475-6C00-6000-9CCD4665EB2F}.Debug|Any CPU.ActiveCfg = Debug|Any CPU
		{8056D7BA-B475-6C00-6000-9CCD4665EB2F}.Debug|Any CPU.Build.0 = Debug|Any CPU
		{8056D7BA-B475-6C00-6000-9CCD4665EB2F}.Release|Any CPU.ActiveCfg = Release|Any CPU
		{8056D7BA-B475-6C00-6000-9CCD4665EB2F}.Release|Any CPU.Build.0 = Release|Any CPU
	EndGlobalSection
	GlobalSection(SolutionProperties) = preSolution
		HideSolutionNode = FALSE
	EndGlobalSection
	GlobalSection(ExtensibilityGlobals) = postSolution
		SolutionGuid = {261D2F7E-3907-4AA5-96F7-BA5D4D475989}
	EndGlobalSection
EndGlobal
